{
  "name": "outline-bridge",
  "version": "0.7.1",
  "lockfileVersion": 3,
  "requires": true,
  "packages": {
    "": {
      "name": "outline-bridge",
      "version": "0.7.1",
      "dependencies": {
        "@js-eyes/client-sdk": "^2.5.0",
        "playwright": "^1.59.1"
      },
      "bin": {
        "outline-cli": "outline-cli.js"
      },
      "engines": {
        "node": ">=22.0.0"
      }
    },
    "node_modules/@js-eyes/client-sdk": {
      "version": "2.5.0",
      "resolved": "https://registry.npmjs.org/@js-eyes/client-sdk/-/client-sdk-2.5.0.tgz",
      "integrity": "sha512-x5kPsvxbR4qkRljnB9+Jw2Se2X0Ed/TPTwEsXlrGVwoO4BFYkhStSokYLPanc0bblBwrsmMAYATAx4WaMB2fWw==",
      "license": "MIT",
      "dependencies": {
        "@js-eyes/protocol": "2.5.0",
        "@js-eyes/runtime-paths": "2.5.0",
        "ws": "^8.19.0"
      }
    },
    "node_modules/@js-eyes/protocol": {
      "version": "2.5.0",
      "resolved": "https://registry.npmjs.org/@js-eyes/protocol/-/protocol-2.5.0.tgz",
      "integrity": "sha512-1n6Av9muuYIB2eiWns5rd1+dUOq4YUH5VhbS1OJevjtkOB1AjiG9M3UqUOHkRinct/7KDrKcC62PViKbCuh/1w==",
      "license": "MIT"
    },
    "node_modules/@js-eyes/runtime-paths": {
      "version": "2.5.0",
      "resolved": "https://registry.npmjs.org/@js-eyes/runtime-paths/-/runtime-paths-2.5.0.tgz",
      "integrity": "sha512-SVYiYGhZ5n76yTrt8torLyKRBk0BPNnLZJQMP4CV7fnXqNS/oVEqHQlYpNl5r2a/6dZS6XpR+E7HphM3TPqTTA==",
      "license": "MIT"
    },
    "node_modules/fsevents": {
      "version": "2.3.2",
      "resolved": "https://registry.npmjs.org/fsevents/-/fsevents-2.3.2.tgz",
      "integrity": "sha512-xiqMQR4xAeHTuB9uWm+fFRcIOgKBMiOBP+eXiyT7jsgVCq1bkVygt00oASowB7EdtpOHaaPgKt812P9ab+DDKA==",
      "hasInstallScript": true,
      "license": "MIT",
      "optional": true,
      "os": [
        "darwin"
      ],
      "engines": {
        "node": "^8.16.0 || ^10.6.0 || >=11.0.0"
      }
    },
    "node_modules/playwright": {
      "version": "1.59.1",
      "resolved": "https://registry.npmjs.org/playwright/-/playwright-1.59.1.tgz",
      "integrity": "sha512-C8oWjPR3F81yljW9o5OxcWzfh6avkVwDD2VYdwIGqTkl+OGFISgypqzfu7dOe4QNLL2aqcWBmI3PMtLIK233lw==",
      "license": "Apache-2.0",
      "dependencies": {
        "playwright-core": "1.59.1"
      },
      "bin": {
        "playwright": "cli.js"
      },
      "engines": {
        "node": ">=18"
      },
      "optionalDependencies": {
        "fsevents": "2.3.2"
      }
    },
    "node_modules/playwright-core": {
      "version": "1.59.1",
      "resolved": "https://registry.npmjs.org/playwright-core/-/playwright-core-1.59.1.tgz",
      "integrity": "sha512-HBV/RJg81z5BiiZ9yPzIiClYV/QMsDCKUyogwH9p3MCP6IYjUFu/MActgYAvK0oWyV9NlwM3GLBjADyWgydVyg==",
      "license": "Apache-2.0",
      "bin": {
        "playwright-core": "cli.js"
      },
      "engines": {
        "node": ">=18"
      }
    },
    "node_modules/ws": {
      "version": "8.20.0",
      "resolved": "https://registry.npmjs.org/ws/-/ws-8.20.0.tgz",
      "integrity": "sha512-sAt8BhgNbzCtgGbt2OxmpuryO63ZoDk/sqaB/znQm94T4fCEsy/yV+7CdC1kJhOU9lboAEU7R3kquuycDoibVA==",
      "license": "MIT",
      "engines": {
        "node": ">=10.0.0"
      },
      "peerDependencies": {
        "bufferutil": "^4.0.1",
        "utf-8-validate": ">=5.0.2"
      },
      "peerDependenciesMeta": {
        "bufferutil": {
          "optional": true
        },
        "utf-8-validate": {
          "optional": true
        }
      }
    }
  }
}
